
Microsoft Visual Studio Solution File, Format Version 12.00
# Visual Studio Version 16
VisualStudioVersion = 16.0.29728.190
MinimumVisualStudioVersion = 10.0.40219.1
Project("{2150E333-8FDC-42A3-9474-1A3956D46DE8}") = "Infra.IOC", "Infra.IOC", "{85CFEF4E-3515-4D13-8869-A6D87AD418DE}"
EndProject
Project("{FAE04EC0-301F-11D3-BF4B-00C04F79EFBC}") = "GestionMS.Infr.Ioc", "GestionMS.Infr.Ioc\GestionMS.Infr.Ioc.csproj", "{0A934F7C-E9ED-48CC-8C7C-F371B535BB5C}"
EndProject
Project("{2150E333-8FDC-42A3-9474-1A3956D46DE8}") = "MSCommentaire", "MSCommentaire", "{7ADE4359-11A6-411C-9DF1-AA95769AB6A6}"
EndProject
Project("{2150E333-8FDC-42A3-9474-1A3956D46DE8}") = "MSC1", "MSC1", "{0611770C-BE2F-45B7-8CB5-A599E8727AA6}"
EndProject
Project("{2150E333-8FDC-42A3-9474-1A3956D46DE8}") = "API", "API", "{56E926C5-2545-4ABD-870E-DD2451D52D3B}"
EndProject
Project("{2150E333-8FDC-42A3-9474-1A3956D46DE8}") = "Data", "Data", "{C779715C-BE91-43AC-9AF0-89E297A33DD5}"
EndProject
Project("{2150E333-8FDC-42A3-9474-1A3956D46DE8}") = "Domain", "Domain", "{6ADCFFD2-8A85-4273-89AA-4472C8D37543}"
EndProject
Project("{FAE04EC0-301F-11D3-BF4B-00C04F79EFBC}") = "Poulina.GestionMS.Api", "Poulina.GestionMS.Api\Poulina.GestionMS.Api.csproj", "{428843B4-1717-41DC-B622-B14FECDDA1DE}"
EndProject
Project("{FAE04EC0-301F-11D3-BF4B-00C04F79EFBC}") = "Poulina.GestionMs.Data", "Poulina.GestionMs.Data\Poulina.GestionMs.Data.csproj", "{CE535571-CEFC-4CD4-AB26-A8F342F57841}"
EndProject
Project("{FAE04EC0-301F-11D3-BF4B-00C04F79EFBC}") = "Poulina.GestionMs.Domain", "Poulina.GestionMs.Domain\Poulina.GestionMs.Domain.csproj", "{93783F1E-5E93-4E48-BF84-8B57BE907AF4}"
EndProject
Global
	GlobalSection(SolutionConfigurationPlatforms) = preSolution
		Debug|Any CPU = Debug|Any CPU
		Release|Any CPU = Release|Any CPU
	EndGlobalSection
	GlobalSection(ProjectConfigurationPlatforms) = postSolution
		{0A934F7C-E9ED-48CC-8C7C-F371B535BB5C}.Debug|Any CPU.ActiveCfg = Debug|Any CPU
		{0A934F7C-E9ED-48CC-8C7C-F371B535BB5C}.Debug|Any CPU.Build.0 = Debug|Any CPU
		{0A934F7C-E9ED-48CC-8C7C-F371B535BB5C}.Release|Any CPU.ActiveCfg = Release|Any CPU
		{0A934F7C-E9ED-48CC-8C7C-F371B535BB5C}.Release|Any CPU.Build.0 = Release|Any CPU
		{428843B4-1717-41DC-B622-B14FECDDA1DE}.Debug|Any CPU.ActiveCfg = Debug|Any CPU
		{428843B4-1717-41DC-B622-B14FECDDA1DE}.Debug|Any CPU.Build.0 = Debug|Any CPU
		{428843B4-1717-41DC-B622-B14FECDDA1DE}.Release|Any CPU.ActiveCfg = Release|Any CPU
		{428843B4-1717-41DC-B622-B14FECDDA1DE}.Release|Any CPU.Build.0 = Release|Any CPU
		{CE535571-CEFC-4CD4-AB26-A8F342F57841}.Debug|Any CPU.ActiveCfg = Debug|Any CPU
		{CE535571-CEFC-4CD4-AB26-A8F342F57841}.Debug|Any CPU.Build.0 = Debug|Any CPU
		{CE535571-CEFC-4CD4-AB26-A8F342F57841}.Release|Any CPU.ActiveCfg = Release|Any CPU
		{CE535571-CEFC-4CD4-AB26-A8F342F57841}.Release|Any CPU.Build.0 = Release|Any CPU
		{93783F1E-5E93-4E48-BF84-8B57BE907AF4}.Debug|Any CPU.ActiveCfg = Debug|Any CPU
		{93783F1E-5E93-4E48-BF84-8B57BE907AF4}.Debug|Any CPU.Build.0 = Debug|Any CPU
		{93783F1E-5E93-4E48-BF84-8B57BE907AF4}.Release|Any CPU.ActiveCfg = Release|Any CPU
		{93783F1E-5E93-4E48-BF84-8B57BE907AF4}.Release|Any CPU.Build.0 = Release|Any CPU
	EndGlobalSection
	GlobalSection(SolutionProperties) = preSolution
		HideSolutionNode = FALSE
	EndGlobalSection
	GlobalSection(NestedProjects) = preSolution
		{0A934F7C-E9ED-48CC-8C7C-F371B535BB5C} = {85CFEF4E-3515-4D13-8869-A6D87AD418DE}
		{0611770C-BE2F-45B7-8CB5-A599E8727AA6} = {7ADE4359-11A6-411C-9DF1-AA95769AB6A6}
		{56E926C5-2545-4ABD-870E-DD2451D52D3B} = {0611770C-BE2F-45B7-8CB5-A599E8727AA6}
		{C779715C-BE91-43AC-9AF0-89E297A33DD5} = {0611770C-BE2F-45B7-8CB5-A599E8727AA6}
		{6ADCFFD2-8A85-4273-89AA-4472C8D37543} = {0611770C-BE2F-45B7-8CB5-A599E8727AA6}
		{428843B4-1717-41DC-B622-B14FECDDA1DE} = {56E926C5-2545-4ABD-870E-DD2451D52D3B}
		{CE535571-CEFC-4CD4-AB26-A8F342F57841} = {C779715C-BE91-43AC-9AF0-89E297A33DD5}
		{93783F1E-5E93-4E48-BF84-8B57BE907AF4} = {6ADCFFD2-8A85-4273-89AA-4472C8D37543}
	EndGlobalSection
	GlobalSection(ExtensibilityGlobals) = postSolution
		SolutionGuid = {F959CB1B-16A2-4A3D-9593-24D2A0993A37}
	EndGlobalSection
EndGlobal
